
Microsoft Visual Studio Solution File, Format Version 11.00
# Visual Studio 2010
Project("{8BC9CEB8-8B4A-11D0-8D11-00A0C91BC942}") = "calculator", "calculator\calculator.vcxproj", "{50CD40F6-1C14-48C5-A287-B1C24348F814}"
EndProject
Global
	GlobalSection(SolutionConfigurationPlatforms) = preSolution
		Debug|Win32 = Debug|Win32
		Release|Win32 = Release|Win32
	EndGlobalSection
	GlobalSection(ProjectConfigurationPlatforms) = postSolution
		{50CD40F6-1C14-48C5-A287-B1C24348F814}.Debug|Win32.ActiveCfg = Debug|Win32
		{50CD40F6-1C14-48C5-A287-B1C24348F814}.Debug|Win32.Build.0 = Debug|Win32
		{50CD40F6-1C14-48C5-A287-B1C24348F814}.Release|Win32.ActiveCfg = Release|Win32
		{50CD40F6-1C14-48C5-A287-B1C24348F814}.Release|Win32.Build.0 = Release|Win32
	EndGlobalSection
	GlobalSection(SolutionProperties) = preSolution
		HideSolutionNode = FALSE
	EndGlobalSection
EndGlobal
